{
  "name": "market-app",
  "version": "0.0.0",
  "lockfileVersion": 1,
  "requires": true,
  "dependencies": {
    "@ngrx/effects": {
      "version": "7.4.0",
      "resolved": "https://registry.npmjs.org/@ngrx/effects/-/effects-7.4.0.tgz",
      "integrity": "sha512-YjgB17WnLCBDPjAkHduKWsLFSGLZryPaTjY3EIvMF+WTRPDlgC5SAv2n7p3YIei6g6IYcEvOwLWBqZHFUXTgBw=="
    },
    "@ngrx/router-store": {
      "version": "7.4.0",
      "resolved": "https://registry.npmjs.org/@ngrx/router-store/-/router-store-7.4.0.tgz",
      "integrity": "sha512-ZpwTO1/ha3pxO7NV3jIfnwipBN1A719IjAOgrcmI8Ut06VH3HY/7JVFTkwLN/FyuHvl4EOlAVYmMAblmrymUWA=="
    },
    "@ngrx/store": {
      "version": "7.4.0",
      "resolved": "https://registry.npmjs.org/@ngrx/store/-/store-7.4.0.tgz",
      "integrity": "sha512-kwTUHgfgBeAL4RQBjZO46z9v4Xzg8PXAgY4WwXdt3zUk1tF4ZvijMleFvFRUoiJJfxF/UM6jgIZ/yGrX2dXQuA=="
    },
    "@ngrx/store-devtools": {
      "version": "7.4.0",
      "resolved": "https://registry.npmjs.org/@ngrx/store-devtools/-/store-devtools-7.4.0.tgz",
      "integrity": "sha512-ZmPpquprBYUozbLuLMLZzUhI+LnMNGMNg8x1ij9yDxXWQADcJm1Zu7kouYE1r5SoCYxKfwJ3Ia1VQfS3A5S8dw=="
    }
  }
}
